// !$*UTF8*$!
{
	archiveVersion = 1;
	classes = {
	};
	objectVersion = 50;
	objects = {

/* Begin PBXBuildFile section */
		7F0FF14F24E7BE4500D7D053 /* AppDelegate.swift in Sources */ = {isa = PBXBuildFile; fileRef = 7F0FF14E24E7BE4500D7D053 /* AppDelegate.swift */; };
		7F0FF15124E7BE4500D7D053 /* SceneDelegate.swift in Sources */ = {isa = PBXBuildFile; fileRef = 7F0FF15024E7BE4500D7D053 /* SceneDelegate.swift */; };
		7F0FF15324E7BE4500D7D053 /* MapViewController.swift in Sources */ = {isa = PBXBuildFile; fileRef = 7F0FF15224E7BE4500D7D053 /* MapViewController.swift */; };
		7F0FF15624E7BE4500D7D053 /* Main.storyboard in Resources */ = {isa = PBXBuildFile; fileRef = 7F0FF15424E7BE4500D7D053 /* Main.storyboard */; };
		7F0FF15924E7BE4500D7D053 /* WeatherApp.xcdatamodeld in Sources */ = {isa = PBXBuildFile; fileRef = 7F0FF15724E7BE4500D7D053 /* WeatherApp.xcdatamodeld */; };
		7F0FF15B24E7BE4700D7D053 /* Assets.xcassets in Resources */ = {isa = PBXBuildFile; fileRef = 7F0FF15A24E7BE4700D7D053 /* Assets.xcassets */; };
		7F0FF15E24E7BE4700D7D053 /* LaunchScreen.storyboard in Resources */ = {isa = PBXBuildFile; fileRef = 7F0FF15C24E7BE4700D7D053 /* LaunchScreen.storyboard */; };
		7F0FF16624E7D05E00D7D053 /* Location.swift in Sources */ = {isa = PBXBuildFile; fileRef = 7F0FF16524E7D05E00D7D053 /* Location.swift */; };
		7F0FF16A24E7D2F300D7D053 /* WeatherDetailViewController.swift in Sources */ = {isa = PBXBuildFile; fileRef = 7F0FF16924E7D2F300D7D053 /* WeatherDetailViewController.swift */; };
		7F0FF16C24E7D4CD00D7D053 /* WeatherService.swift in Sources */ = {isa = PBXBuildFile; fileRef = 7F0FF16B24E7D4CD00D7D053 /* WeatherService.swift */; };
		7F0FF16E24E7D57D00D7D053 /* WeatherModel.swift in Sources */ = {isa = PBXBuildFile; fileRef = 7F0FF16D24E7D57D00D7D053 /* WeatherModel.swift */; };
		7F0FF17024E7D9F000D7D053 /* WeatherViewModel.swift in Sources */ = {isa = PBXBuildFile; fileRef = 7F0FF16F24E7D9F000D7D053 /* WeatherViewModel.swift */; };
		7F0FF17224E7DCB500D7D053 /* Box.swift in Sources */ = {isa = PBXBuildFile; fileRef = 7F0FF17124E7DCB500D7D053 /* Box.swift */; };
		7F4216B124E7E412001AD9A1 /* Alert.swift in Sources */ = {isa = PBXBuildFile; fileRef = 7F4216B024E7E412001AD9A1 /* Alert.swift */; };
/* End PBXBuildFile section */

/* Begin PBXFileReference section */
		7F0FF14B24E7BE4500D7D053 /* WeatherApp.app */ = {isa = PBXFileReference; explicitFileType = wrapper.application; includeInIndex = 0; path = WeatherApp.app; sourceTree = BUILT_PRODUCTS_DIR; };
		7F0FF14E24E7BE4500D7D053 /* AppDelegate.swift */ = {isa = PBXFileReference; lastKnownFileType = sourcecode.swift; path = AppDelegate.swift; sourceTree = "<group>"; };
		7F0FF15024E7BE4500D7D053 /* SceneDelegate.swift */ = {isa = PBXFileReference; lastKnownFileType = sourcecode.swift; path = SceneDelegate.swift; sourceTree = "<group>"; };
		7F0FF15224E7BE4500D7D053 /* MapViewController.swift */ = {isa = PBXFileReference; lastKnownFileType = sourcecode.swift; path = MapViewController.swift; sourceTree = "<group>"; };
		7F0FF15524E7BE4500D7D053 /* Base */ = {isa = PBXFileReference; lastKnownFileType = file.storyboard; name = Base; path = Base.lproj/Main.storyboard; sourceTree = "<group>"; };
		7F0FF15824E7BE4500D7D053 /* WeatherApp.xcdatamodel */ = {isa = PBXFileReference; lastKnownFileType = wrapper.xcdatamodel; path = WeatherApp.xcdatamodel; sourceTree = "<group>"; };
		7F0FF15A24E7BE4700D7D053 /* Assets.xcassets */ = {isa = PBXFileReference; lastKnownFileType = folder.assetcatalog; path = Assets.xcassets; sourceTree = "<group>"; };
		7F0FF15D24E7BE4700D7D053 /* Base */ = {isa = PBXFileReference; lastKnownFileType = file.storyboard; name = Base; path = Base.lproj/LaunchScreen.storyboard; sourceTree = "<group>"; };
		7F0FF15F24E7BE4700D7D053 /* Info.plist */ = {isa = PBXFileReference; lastKnownFileType = text.plist.xml; path = Info.plist; sourceTree = "<group>"; };
		7F0FF16524E7D05E00D7D053 /* Location.swift */ = {isa = PBXFileReference; lastKnownFileType = sourcecode.swift; path = Location.swift; sourceTree = "<group>"; };
		7F0FF16924E7D2F300D7D053 /* WeatherDetailViewController.swift */ = {isa = PBXFileReference; lastKnownFileType = sourcecode.swift; path = WeatherDetailViewController.swift; sourceTree = "<group>"; };
		7F0FF16B24E7D4CD00D7D053 /* WeatherService.swift */ = {isa = PBXFileReference; lastKnownFileType = sourcecode.swift; path = WeatherService.swift; sourceTree = "<group>"; };
		7F0FF16D24E7D57D00D7D053 /* WeatherModel.swift */ = {isa = PBXFileReference; lastKnownFileType = sourcecode.swift; path = WeatherModel.swift; sourceTree = "<group>"; };
		7F0FF16F24E7D9F000D7D053 /* WeatherViewModel.swift */ = {isa = PBXFileReference; lastKnownFileType = sourcecode.swift; path = WeatherViewModel.swift; sourceTree = "<group>"; };
		7F0FF17124E7DCB500D7D053 /* Box.swift */ = {isa = PBXFileReference; lastKnownFileType = sourcecode.swift; path = Box.swift; sourceTree = "<group>"; };
		7F4216B024E7E412001AD9A1 /* Alert.swift */ = {isa = PBXFileReference; lastKnownFileType = sourcecode.swift; path = Alert.swift; sourceTree = "<group>"; };
/* End PBXFileReference section */

/* Begin PBXFrameworksBuildPhase section */
		7F0FF14824E7BE4400D7D053 /* Frameworks */ = {
			isa = PBXFrameworksBuildPhase;
			buildActionMask = 2147483647;
			files = (
			);
			runOnlyForDeploymentPostprocessing = 0;
		};
/* End PBXFrameworksBuildPhase section */

/* Begin PBXGroup section */
		7F0FF14224E7BE4400D7D053 = {
			isa = PBXGroup;
			children = (
				7F0FF14D24E7BE4500D7D053 /* WeatherApp */,
				7F0FF14C24E7BE4500D7D053 /* Products */,
			);
			sourceTree = "<group>";
		};
		7F0FF14C24E7BE4500D7D053 /* Products */ = {
			isa = PBXGroup;
			children = (
				7F0FF14B24E7BE4500D7D053 /* WeatherApp.app */,
			);
			name = Products;
			sourceTree = "<group>";
		};
		7F0FF14D24E7BE4500D7D053 /* WeatherApp */ = {
			isa = PBXGroup;
			children = (
				7F0FF14E24E7BE4500D7D053 /* AppDelegate.swift */,
				7F0FF15024E7BE4500D7D053 /* SceneDelegate.swift */,
				7F0FF17324E7DF9000D7D053 /* Utilities */,
				7F0FF17524E7DFB300D7D053 /* ViewModels */,
				7F0FF17424E7DFAC00D7D053 /* Models */,
				7F0FF17624E7DFC400D7D053 /* ViewControllers */,
				7F0FF17724E7DFD000D7D053 /* Services */,
				7F0FF15424E7BE4500D7D053 /* Main.storyboard */,
				7F0FF15A24E7BE4700D7D053 /* Assets.xcassets */,
				7F0FF15C24E7BE4700D7D053 /* LaunchScreen.storyboard */,
				7F0FF15F24E7BE4700D7D053 /* Info.plist */,
				7F0FF15724E7BE4500D7D053 /* WeatherApp.xcdatamodeld */,
			);
			path = WeatherApp;
			sourceTree = "<group>";
		};
		7F0FF17324E7DF9000D7D053 /* Utilities */ = {
			isa = PBXGroup;
			children = (
				7F0FF17124E7DCB500D7D053 /* Box.swift */,
				7F0FF16524E7D05E00D7D053 /* Location.swift */,
				7F4216B024E7E412001AD9A1 /* Alert.swift */,
			);
			path = Utilities;
			sourceTree = "<group>";
		};
		7F0FF17424E7DFAC00D7D053 /* Models */ = {
			isa = PBXGroup;
			children = (
				7F0FF16D24E7D57D00D7D053 /* WeatherModel.swift */,
			);
			path = Models;
			sourceTree = "<group>";
		};
		7F0FF17524E7DFB300D7D053 /* ViewModels */ = {
			isa = PBXGroup;
			children = (
				7F0FF16F24E7D9F000D7D053 /* WeatherViewModel.swift */,
			);
			path = ViewModels;
			sourceTree = "<group>";
		};
		7F0FF17624E7DFC400D7D053 /* ViewControllers */ = {
			isa = PBXGroup;
			children = (
				7F0FF16924E7D2F300D7D053 /* WeatherDetailViewController.swift */,
				7F0FF15224E7BE4500D7D053 /* MapViewController.swift */,
			);
			path = ViewControllers;
			sourceTree = "<group>";
		};
		7F0FF17724E7DFD000D7D053 /* Services */ = {
			isa = PBXGroup;
			children = (
				7F0FF16B24E7D4CD00D7D053 /* WeatherService.swift */,
			);
			path = Services;
			sourceTree = "<group>";
		};
/* End PBXGroup section */

/* Begin PBXNativeTarget section */
		7F0FF14A24E7BE4400D7D053 /* WeatherApp */ = {
			isa = PBXNativeTarget;
			buildConfigurationList = 7F0FF16224E7BE4700D7D053 /* Build configuration list for PBXNativeTarget "WeatherApp" */;
			buildPhases = (
				7F0FF14724E7BE4400D7D053 /* Sources */,
				7F0FF14824E7BE4400D7D053 /* Frameworks */,
				7F0FF14924E7BE4400D7D053 /* Resources */,
			);
			buildRules = (
			);
			dependencies = (
			);
			name = WeatherApp;
			productName = WeatherApp;
			productReference = 7F0FF14B24E7BE4500D7D053 /* WeatherApp.app */;
			productType = "com.apple.product-type.application";
		};
/* End PBXNativeTarget section */

/* Begin PBXProject section */
		7F0FF14324E7BE4400D7D053 /* Project object */ = {
			isa = PBXProject;
			attributes = {
				LastSwiftUpdateCheck = 1130;
				LastUpgradeCheck = 1130;
				ORGANIZATIONNAME = Prabh;
				TargetAttributes = {
					7F0FF14A24E7BE4400D7D053 = {
						CreatedOnToolsVersion = 11.3.1;
					};
				};
			};
			buildConfigurationList = 7F0FF14624E7BE4400D7D053 /* Build configuration list for PBXProject "WeatherApp" */;
			compatibilityVersion = "Xcode 9.3";
			developmentRegion = en;
			hasScannedForEncodings = 0;
			knownRegions = (
				en,
				Base,
			);
			mainGroup = 7F0FF14224E7BE4400D7D053;
			productRefGroup = 7F0FF14C24E7BE4500D7D053 /* Products */;
			projectDirPath = "";
			projectRoot = "";
			targets = (
				7F0FF14A24E7BE4400D7D053 /* WeatherApp */,
			);
		};
/* End PBXProject section */

/* Begin PBXResourcesBuildPhase section */
		7F0FF14924E7BE4400D7D053 /* Resources */ = {
			isa = PBXResourcesBuildPhase;
			buildActionMask = 2147483647;
			files = (
				7F0FF15E24E7BE4700D7D053 /* LaunchScreen.storyboard in Resources */,
				7F0FF15B24E7BE4700D7D053 /* Assets.xcassets in Resources */,
				7F0FF15624E7BE4500D7D053 /* Main.storyboard in Resources */,
			);
			runOnlyForDeploymentPostprocessing = 0;
		};
/* End PBXResourcesBuildPhase section */

/* Begin PBXSourcesBuildPhase section */
		7F0FF14724E7BE4400D7D053 /* Sources */ = {
			isa = PBXSourcesBuildPhase;
			buildActionMask = 2147483647;
			files = (
				7F0FF16A24E7D2F300D7D053 /* WeatherDetailViewController.swift in Sources */,
				7F0FF17024E7D9F000D7D053 /* WeatherViewModel.swift in Sources */,
				7F0FF15924E7BE4500D7D053 /* WeatherApp.xcdatamodeld in Sources */,
				7F0FF15324E7BE4500D7D053 /* MapViewController.swift in Sources */,
				7F0FF16624E7D05E00D7D053 /* Location.swift in Sources */,
				7F0FF14F24E7BE4500D7D053 /* AppDelegate.swift in Sources */,
				7F0FF15124E7BE4500D7D053 /* SceneDelegate.swift in Sources */,
				7F0FF16E24E7D57D00D7D053 /* WeatherModel.swift in Sources */,
				7F4216B124E7E412001AD9A1 /* Alert.swift in Sources */,
				7F0FF16C24E7D4CD00D7D053 /* WeatherService.swift in Sources */,
				7F0FF17224E7DCB500D7D053 /* Box.swift in Sources */,
			);
			runOnlyForDeploymentPostprocessing = 0;
		};
/* End PBXSourcesBuildPhase section */

/* Begin PBXVariantGroup section */
		7F0FF15424E7BE4500D7D053 /* Main.storyboard */ = {
			isa = PBXVariantGroup;
			children = (
				7F0FF15524E7BE4500D7D053 /* Base */,
			);
			name = Main.storyboard;
			sourceTree = "<group>";
		};
		7F0FF15C24E7BE4700D7D053 /* LaunchScreen.storyboard */ = {
			isa = PBXVariantGroup;
			children = (
				7F0FF15D24E7BE4700D7D053 /* Base */,
			);
			name = LaunchScreen.storyboard;
			sourceTree = "<group>";
		};
/* End PBXVariantGroup section */

/* Begin XCBuildConfiguration section */
		7F0FF16024E7BE4700D7D053 /* Debug */ = {
			isa = XCBuildConfiguration;
			buildSettings = {
				ALWAYS_SEARCH_USER_PATHS = NO;
				CLANG_ANALYZER_NONNULL = YES;
				CLANG_ANALYZER_NUMBER_OBJECT_CONVERSION = YES_AGGRESSIVE;
				CLANG_CXX_LANGUAGE_STANDARD = "gnu++14";
				CLANG_CXX_LIBRARY = "libc++";
				CLANG_ENABLE_MODULES = YES;
				CLANG_ENABLE_OBJC_ARC = YES;
				CLANG_ENABLE_OBJC_WEAK = YES;
				CLANG_WARN_BLOCK_CAPTURE_AUTORELEASING = YES;
				CLANG_WARN_BOOL_CONVERSION = YES;
				CLANG_WARN_COMMA = YES;
				CLANG_WARN_CONSTANT_CONVERSION = YES;
				CLANG_WARN_DEPRECATED_OBJC_IMPLEMENTATIONS = YES;
				CLANG_WARN_DIRECT_OBJC_ISA_USAGE = YES_ERROR;
				CLANG_WARN_DOCUMENTATION_COMMENTS = YES;
				CLANG_WARN_EMPTY_BODY = YES;
				CLANG_WARN_ENUM_CONVERSION = YES;
				CLANG_WARN_INFINITE_RECURSION = YES;
				CLANG_WARN_INT_CONVERSION = YES;
				CLANG_WARN_NON_LITERAL_NULL_CONVERSION = YES;
				CLANG_WARN_OBJC_IMPLICIT_RETAIN_SELF = YES;
				CLANG_WARN_OBJC_LITERAL_CONVERSION = YES;
				CLANG_WARN_OBJC_ROOT_CLASS = YES_ERROR;
				CLANG_WARN_RANGE_LOOP_ANALYSIS = YES;
				CLANG_WARN_STRICT_PROTOTYPES = YES;
				CLANG_WARN_SUSPICIOUS_MOVE = YES;
				CLANG_WARN_UNGUARDED_AVAILABILITY = YES_AGGRESSIVE;
				CLANG_WARN_UNREACHABLE_CODE = YES;
				CLANG_WARN__DUPLICATE_METHOD_MATCH = YES;
				COPY_PHASE_STRIP = NO;
				DEBUG_INFORMATION_FORMAT = dwarf;
				ENABLE_STRICT_OBJC_MSGSEND = YES;
				ENABLE_TESTABILITY = YES;
				GCC_C_LANGUAGE_STANDARD = gnu11;
				GCC_DYNAMIC_NO_PIC = NO;
				GCC_NO_COMMON_BLOCKS = YES;
				GCC_OPTIMIZATION_LEVEL = 0;
				GCC_PREPROCESSOR_DEFINITIONS = (
					"DEBUG=1",
					"$(inherited)",
				);
				GCC_WARN_64_TO_32_BIT_CONVERSION = YES;
				GCC_WARN_ABOUT_RETURN_TYPE = YES_ERROR;
				GCC_WARN_UNDECLARED_SELECTOR = YES;
				GCC_WARN_UNINITIALIZED_AUTOS = YES_AGGRESSIVE;
				GCC_WARN_UNUSED_FUNCTION = YES;
				GCC_WARN_UNUSED_VARIABLE = YES;
				IPHONEOS_DEPLOYMENT_TARGET = 13.2;
				MTL_ENABLE_DEBUG_INFO = INCLUDE_SOURCE;
				MTL_FAST_MATH = YES;
				ONLY_ACTIVE_ARCH = YES;
				SDKROOT = iphoneos;
				SWIFT_ACTIVE_COMPILATION_CONDITIONS = DEBUG;
				SWIFT_OPTIMIZATION_LEVEL = "-Onone";
			};
			name = Debug;
		};
		7F0FF16124E7BE4700D7D053 /* Release */ = {
			isa = XCBuildConfiguration;
			buildSettings = {
				ALWAYS_SEARCH_USER_PATHS = NO;
				CLANG_ANALYZER_NONNULL = YES;
				CLANG_ANALYZER_NUMBER_OBJECT_CONVERSION = YES_AGGRESSIVE;
				CLANG_CXX_LANGUAGE_STANDARD = "gnu++14";
				CLANG_CXX_LIBRARY = "libc++";
				CLANG_ENABLE_MODULES = YES;
				CLANG_ENABLE_OBJC_ARC = YES;
				CLANG_ENABLE_OBJC_WEAK = YES;
				CLANG_WARN_BLOCK_CAPTURE_AUTORELEASING = YES;
				CLANG_WARN_BOOL_CONVERSION = YES;
				CLANG_WARN_COMMA = YES;
				CLANG_WARN_CONSTANT_CONVERSION = YES;
				CLANG_WARN_DEPRECATED_OBJC_IMPLEMENTATIONS = YES;
				CLANG_WARN_DIRECT_OBJC_ISA_USAGE = YES_ERROR;
				CLANG_WARN_DOCUMENTATION_COMMENTS = YES;
				CLANG_WARN_EMPTY_BODY = YES;
				CLANG_WARN_ENUM_CONVERSION = YES;
				CLANG_WARN_INFINITE_RECURSION = YES;
				CLANG_WARN_INT_CONVERSION = YES;
				CLANG_WARN_NON_LITERAL_NULL_CONVERSION = YES;
				CLANG_WARN_OBJC_IMPLICIT_RETAIN_SELF = YES;
				CLANG_WARN_OBJC_LITERAL_CONVERSION = YES;
				CLANG_WARN_OBJC_ROOT_CLASS = YES_ERROR;
				CLANG_WARN_RANGE_LOOP_ANALYSIS = YES;
				CLANG_WARN_STRICT_PROTOTYPES = YES;
				CLANG_WARN_SUSPICIOUS_MOVE = YES;
				CLANG_WARN_UNGUARDED_AVAILABILITY = YES_AGGRESSIVE;
				CLANG_WARN_UNREACHABLE_CODE = YES;
				CLANG_WARN__DUPLICATE_METHOD_MATCH = YES;
				COPY_PHASE_STRIP = NO;
				DEBUG_INFORMATION_FORMAT = "dwarf-with-dsym";
				ENABLE_NS_ASSERTIONS = NO;
				ENABLE_STRICT_OBJC_MSGSEND = YES;
				GCC_C_LANGUAGE_STANDARD = gnu11;
				GCC_NO_COMMON_BLOCKS = YES;
				GCC_WARN_64_TO_32_BIT_CONVERSION = YES;
				GCC_WARN_ABOUT_RETURN_TYPE = YES_ERROR;
				GCC_WARN_UNDECLARED_SELECTOR = YES;
				GCC_WARN_UNINITIALIZED_AUTOS = YES_AGGRESSIVE;
				GCC_WARN_UNUSED_FUNCTION = YES;
				GCC_WARN_UNUSED_VARIABLE = YES;
				IPHONEOS_DEPLOYMENT_TARGET = 13.2;
				MTL_ENABLE_DEBUG_INFO = NO;
				MTL_FAST_MATH = YES;
				SDKROOT = iphoneos;
				SWIFT_COMPILATION_MODE = wholemodule;
				SWIFT_OPTIMIZATION_LEVEL = "-O";
				VALIDATE_PRODUCT = YES;
			};
			name = Release;
		};
		7F0FF16324E7BE4700D7D053 /* Debug */ = {
			isa = XCBuildConfiguration;
			buildSettings = {
				ASSETCATALOG_COMPILER_APPICON_NAME = AppIcon;
				CODE_SIGN_STYLE = Automatic;
				DEVELOPMENT_TEAM = Z4P2SA89UW;
				INFOPLIST_FILE = WeatherApp/Info.plist;
				LD_RUNPATH_SEARCH_PATHS = (
					"$(inherited)",
					"@executable_path/Frameworks",
				);
				PRODUCT_BUNDLE_IDENTIFIER = com.prabh.WeatherApp;
				PRODUCT_NAME = "$(TARGET_NAME)";
				SWIFT_VERSION = 5.0;
				TARGETED_DEVICE_FAMILY = "1,2";
			};
			name = Debug;
		};
		7F0FF16424E7BE4700D7D053 /* Release */ = {
			isa = XCBuildConfiguration;
			buildSettings = {
				ASSETCATALOG_COMPILER_APPICON_NAME = AppIcon;
				CODE_SIGN_STYLE = Automatic;
				DEVELOPMENT_TEAM = Z4P2SA89UW;
				INFOPLIST_FILE = WeatherApp/Info.plist;
				LD_RUNPATH_SEARCH_PATHS = (
					"$(inherited)",
					"@executable_path/Frameworks",
				);
				PRODUCT_BUNDLE_IDENTIFIER = com.prabh.WeatherApp;
				PRODUCT_NAME = "$(TARGET_NAME)";
				SWIFT_VERSION = 5.0;
				TARGETED_DEVICE_FAMILY = "1,2";
			};
			name = Release;
		};
/* End XCBuildConfiguration section */

/* Begin XCConfigurationList section */
		7F0FF14624E7BE4400D7D053 /* Build configuration list for PBXProject "WeatherApp" */ = {
			isa = XCConfigurationList;
			buildConfigurations = (
				7F0FF16024E7BE4700D7D053 /* Debug */,
				7F0FF16124E7BE4700D7D053 /* Release */,
			);
			defaultConfigurationIsVisible = 0;
			defaultConfigurationName = Release;
		};
		7F0FF16224E7BE4700D7D053 /* Build configuration list for PBXNativeTarget "WeatherApp" */ = {
			isa = XCConfigurationList;
			buildConfigurations = (
				7F0FF16324E7BE4700D7D053 /* Debug */,
				7F0FF16424E7BE4700D7D053 /* Release */,
			);
			defaultConfigurationIsVisible = 0;
			defaultConfigurationName = Release;
		};
/* End XCConfigurationList section */

/* Begin XCVersionGroup section */
		7F0FF15724E7BE4500D7D053 /* WeatherApp.xcdatamodeld */ = {
			isa = XCVersionGroup;
			children = (
				7F0FF15824E7BE4500D7D053 /* WeatherApp.xcdatamodel */,
			);
			currentVersion = 7F0FF15824E7BE4500D7D053 /* WeatherApp.xcdatamodel */;
			path = WeatherApp.xcdatamodeld;
			sourceTree = "<group>";
			versionGroupType = wrapper.xcdatamodel;
		};
/* End XCVersionGroup section */
	};
	rootObject = 7F0FF14324E7BE4400D7D053 /* Project object */;
}
